
Microsoft Visual Studio Solution File, Format Version 12.00
# Visual Studio Version 17
VisualStudioVersion = 17.0.31903.59
MinimumVisualStudioVersion = 10.0.40219.1
Project("{2150E333-8FDC-42A3-9474-1A3956D46DE8}") = "queues", "queues", "{0904800C-111F-4CBB-9D99-29C641115EE7}"
EndProject
Project("{FAE04EC0-301F-11D3-BF4B-00C04F79EFBC}") = "Backi.Postgres.Playground", "queues\postgres\playground\Backi.Postgres.Playground.csproj", "{E1D3E1F4-6B49-4B1C-8607-C23625258F1A}"
EndProject
Project("{2150E333-8FDC-42A3-9474-1A3956D46DE8}") = "continuous", "continuous", "{DDB96C73-B54A-47E2-97E2-F10DE2BD89E6}"
EndProject
Project("{FAE04EC0-301F-11D3-BF4B-00C04F79EFBC}") = "Backi.Continuous", "continuous\lib\Backi.Continuous.csproj", "{805B0FC3-D00B-4A08-82D5-BC14A3B369F3}"
EndProject
Project("{FAE04EC0-301F-11D3-BF4B-00C04F79EFBC}") = "Backi.Continuous.Playground", "continuous\playground\Backi.Continuous.Playground.csproj", "{FF9478C5-57A2-4CB0-948A-6A5C47B2BD95}"
EndProject
Project("{2150E333-8FDC-42A3-9474-1A3956D46DE8}") = "masstransit", "masstransit", "{E79DB123-18CF-4523-8DA8-1023A7BAAC61}"
EndProject
Project("{FAE04EC0-301F-11D3-BF4B-00C04F79EFBC}") = "Backi.MassTransit.Playground", "masstransit\play\Backi.MassTransit.Playground.csproj", "{C48ACBF3-8D8F-4962-805C-B91ED6A0F590}"
EndProject
Global
	GlobalSection(SolutionConfigurationPlatforms) = preSolution
		Debug|Any CPU = Debug|Any CPU
		Release|Any CPU = Release|Any CPU
	EndGlobalSection
	GlobalSection(SolutionProperties) = preSolution
		HideSolutionNode = FALSE
	EndGlobalSection
	GlobalSection(ProjectConfigurationPlatforms) = postSolution
		{E1D3E1F4-6B49-4B1C-8607-C23625258F1A}.Debug|Any CPU.ActiveCfg = Debug|Any CPU
		{E1D3E1F4-6B49-4B1C-8607-C23625258F1A}.Debug|Any CPU.Build.0 = Debug|Any CPU
		{E1D3E1F4-6B49-4B1C-8607-C23625258F1A}.Release|Any CPU.ActiveCfg = Release|Any CPU
		{E1D3E1F4-6B49-4B1C-8607-C23625258F1A}.Release|Any CPU.Build.0 = Release|Any CPU
		{805B0FC3-D00B-4A08-82D5-BC14A3B369F3}.Debug|Any CPU.ActiveCfg = Debug|Any CPU
		{805B0FC3-D00B-4A08-82D5-BC14A3B369F3}.Debug|Any CPU.Build.0 = Debug|Any CPU
		{805B0FC3-D00B-4A08-82D5-BC14A3B369F3}.Release|Any CPU.ActiveCfg = Release|Any CPU
		{805B0FC3-D00B-4A08-82D5-BC14A3B369F3}.Release|Any CPU.Build.0 = Release|Any CPU
		{FF9478C5-57A2-4CB0-948A-6A5C47B2BD95}.Debug|Any CPU.ActiveCfg = Debug|Any CPU
		{FF9478C5-57A2-4CB0-948A-6A5C47B2BD95}.Debug|Any CPU.Build.0 = Debug|Any CPU
		{FF9478C5-57A2-4CB0-948A-6A5C47B2BD95}.Release|Any CPU.ActiveCfg = Release|Any CPU
		{FF9478C5-57A2-4CB0-948A-6A5C47B2BD95}.Release|Any CPU.Build.0 = Release|Any CPU
		{C48ACBF3-8D8F-4962-805C-B91ED6A0F590}.Debug|Any CPU.ActiveCfg = Debug|Any CPU
		{C48ACBF3-8D8F-4962-805C-B91ED6A0F590}.Debug|Any CPU.Build.0 = Debug|Any CPU
		{C48ACBF3-8D8F-4962-805C-B91ED6A0F590}.Release|Any CPU.ActiveCfg = Release|Any CPU
		{C48ACBF3-8D8F-4962-805C-B91ED6A0F590}.Release|Any CPU.Build.0 = Release|Any CPU
	EndGlobalSection
	GlobalSection(NestedProjects) = preSolution
		{E1D3E1F4-6B49-4B1C-8607-C23625258F1A} = {0904800C-111F-4CBB-9D99-29C641115EE7}
		{805B0FC3-D00B-4A08-82D5-BC14A3B369F3} = {DDB96C73-B54A-47E2-97E2-F10DE2BD89E6}
		{FF9478C5-57A2-4CB0-948A-6A5C47B2BD95} = {DDB96C73-B54A-47E2-97E2-F10DE2BD89E6}
		{C48ACBF3-8D8F-4962-805C-B91ED6A0F590} = {E79DB123-18CF-4523-8DA8-1023A7BAAC61}
	EndGlobalSection
EndGlobal
