
Microsoft Visual Studio Solution File, Format Version 12.00
# Visual Studio Version 17
VisualStudioVersion = 17.0.31903.59
MinimumVisualStudioVersion = 10.0.40219.1
Project("{2150E333-8FDC-42A3-9474-1A3956D46DE8}") = "timers", "timers", "{BBB56B6A-667F-43C0-8AFE-79530301D381}"
EndProject
Project("{2150E333-8FDC-42A3-9474-1A3956D46DE8}") = "dotnet", "dotnet", "{ADCEE902-52AF-4E52-9CEA-77450049AA7C}"
EndProject
Project("{FAE04EC0-301F-11D3-BF4B-00C04F79EFBC}") = "Backi.Timers", "timers\dotnet\lib\Backi.Timers.csproj", "{01EED3EB-7E8D-4770-93DD-84669ED75D1D}"
EndProject
Project("{2150E333-8FDC-42A3-9474-1A3956D46DE8}") = "playground", "playground", "{D24565DE-D3B8-42F6-AF8B-B9E4FD3B3A41}"
EndProject
Project("{FAE04EC0-301F-11D3-BF4B-00C04F79EFBC}") = "Backi.Timers.WebApiPlayground", "timers\dotnet\playground\webapi\Backi.Timers.WebApiPlayground.csproj", "{2245AA58-D144-492A-A477-5B9A24B337A0}"
EndProject
Project("{FAE04EC0-301F-11D3-BF4B-00C04F79EFBC}") = "Backi.Timers.Tests", "timers\dotnet\tests\Backi.Timers.Tests.csproj", "{F9FA4AC6-6E34-4D32-8C9D-573B2321BDE7}"
EndProject
Project("{2150E333-8FDC-42A3-9474-1A3956D46DE8}") = "mediator", "mediator", "{27BF9028-A9AC-4B9E-9A63-5260B70734D0}"
EndProject
Project("{FAE04EC0-301F-11D3-BF4B-00C04F79EFBC}") = "Backi.Mediatr", "mediator\dotnet\core\Backi.Mediatr.csproj", "{1AD779EA-2592-48D0-95BB-6E68FDB5276F}"
EndProject
Project("{FAE04EC0-301F-11D3-BF4B-00C04F79EFBC}") = "Backi.Timediatr.Tests", "mediator\dotnet\timediatr.tests\Backi.Timediatr.Tests.csproj", "{C47EDCC3-FF07-4B1E-BDC4-06544C6264F5}"
EndProject
Project("{FAE04EC0-301F-11D3-BF4B-00C04F79EFBC}") = "Backi.Mediatr.Tests", "mediator\dotnet\core.tests\Backi.Mediatr.Tests.csproj", "{2243861D-99F1-427E-80A6-DDED312872D7}"
EndProject
Project("{FAE04EC0-301F-11D3-BF4B-00C04F79EFBC}") = "Backi.Timediatr", "mediator\dotnet\timediatr\Backi.Timediatr.csproj", "{28FE8A5E-60D5-43A9-8550-AF7A077B1B35}"
EndProject
Project("{2150E333-8FDC-42A3-9474-1A3956D46DE8}") = "postgres", "postgres", "{0904800C-111F-4CBB-9D99-29C641115EE7}"
EndProject
Project("{FAE04EC0-301F-11D3-BF4B-00C04F79EFBC}") = "Backi.Postgres.Playground", "postgres\playground\Backi.Postgres.Playground.csproj", "{E1D3E1F4-6B49-4B1C-8607-C23625258F1A}"
EndProject
Project("{2150E333-8FDC-42A3-9474-1A3956D46DE8}") = "continuous", "continuous", "{DDB96C73-B54A-47E2-97E2-F10DE2BD89E6}"
EndProject
Project("{FAE04EC0-301F-11D3-BF4B-00C04F79EFBC}") = "Backi.Continuous", "continuous\lib\Backi.Continuous.csproj", "{805B0FC3-D00B-4A08-82D5-BC14A3B369F3}"
EndProject
Project("{FAE04EC0-301F-11D3-BF4B-00C04F79EFBC}") = "Backi.Continuous.Playground", "continuous\playground\Backi.Continuous.Playground.csproj", "{FF9478C5-57A2-4CB0-948A-6A5C47B2BD95}"
EndProject
Global
	GlobalSection(SolutionConfigurationPlatforms) = preSolution
		Debug|Any CPU = Debug|Any CPU
		Release|Any CPU = Release|Any CPU
	EndGlobalSection
	GlobalSection(SolutionProperties) = preSolution
		HideSolutionNode = FALSE
	EndGlobalSection
	GlobalSection(ProjectConfigurationPlatforms) = postSolution
		{01EED3EB-7E8D-4770-93DD-84669ED75D1D}.Debug|Any CPU.ActiveCfg = Debug|Any CPU
		{01EED3EB-7E8D-4770-93DD-84669ED75D1D}.Debug|Any CPU.Build.0 = Debug|Any CPU
		{01EED3EB-7E8D-4770-93DD-84669ED75D1D}.Release|Any CPU.ActiveCfg = Release|Any CPU
		{01EED3EB-7E8D-4770-93DD-84669ED75D1D}.Release|Any CPU.Build.0 = Release|Any CPU
		{2245AA58-D144-492A-A477-5B9A24B337A0}.Debug|Any CPU.ActiveCfg = Debug|Any CPU
		{2245AA58-D144-492A-A477-5B9A24B337A0}.Debug|Any CPU.Build.0 = Debug|Any CPU
		{2245AA58-D144-492A-A477-5B9A24B337A0}.Release|Any CPU.ActiveCfg = Release|Any CPU
		{2245AA58-D144-492A-A477-5B9A24B337A0}.Release|Any CPU.Build.0 = Release|Any CPU
		{F9FA4AC6-6E34-4D32-8C9D-573B2321BDE7}.Debug|Any CPU.ActiveCfg = Debug|Any CPU
		{F9FA4AC6-6E34-4D32-8C9D-573B2321BDE7}.Debug|Any CPU.Build.0 = Debug|Any CPU
		{F9FA4AC6-6E34-4D32-8C9D-573B2321BDE7}.Release|Any CPU.ActiveCfg = Release|Any CPU
		{F9FA4AC6-6E34-4D32-8C9D-573B2321BDE7}.Release|Any CPU.Build.0 = Release|Any CPU
		{1AD779EA-2592-48D0-95BB-6E68FDB5276F}.Debug|Any CPU.ActiveCfg = Debug|Any CPU
		{1AD779EA-2592-48D0-95BB-6E68FDB5276F}.Debug|Any CPU.Build.0 = Debug|Any CPU
		{1AD779EA-2592-48D0-95BB-6E68FDB5276F}.Release|Any CPU.ActiveCfg = Release|Any CPU
		{1AD779EA-2592-48D0-95BB-6E68FDB5276F}.Release|Any CPU.Build.0 = Release|Any CPU
		{C47EDCC3-FF07-4B1E-BDC4-06544C6264F5}.Debug|Any CPU.ActiveCfg = Debug|Any CPU
		{C47EDCC3-FF07-4B1E-BDC4-06544C6264F5}.Debug|Any CPU.Build.0 = Debug|Any CPU
		{C47EDCC3-FF07-4B1E-BDC4-06544C6264F5}.Release|Any CPU.ActiveCfg = Release|Any CPU
		{C47EDCC3-FF07-4B1E-BDC4-06544C6264F5}.Release|Any CPU.Build.0 = Release|Any CPU
		{2243861D-99F1-427E-80A6-DDED312872D7}.Debug|Any CPU.ActiveCfg = Debug|Any CPU
		{2243861D-99F1-427E-80A6-DDED312872D7}.Debug|Any CPU.Build.0 = Debug|Any CPU
		{2243861D-99F1-427E-80A6-DDED312872D7}.Release|Any CPU.ActiveCfg = Release|Any CPU
		{2243861D-99F1-427E-80A6-DDED312872D7}.Release|Any CPU.Build.0 = Release|Any CPU
		{28FE8A5E-60D5-43A9-8550-AF7A077B1B35}.Debug|Any CPU.ActiveCfg = Debug|Any CPU
		{28FE8A5E-60D5-43A9-8550-AF7A077B1B35}.Debug|Any CPU.Build.0 = Debug|Any CPU
		{28FE8A5E-60D5-43A9-8550-AF7A077B1B35}.Release|Any CPU.ActiveCfg = Release|Any CPU
		{28FE8A5E-60D5-43A9-8550-AF7A077B1B35}.Release|Any CPU.Build.0 = Release|Any CPU
		{E1D3E1F4-6B49-4B1C-8607-C23625258F1A}.Debug|Any CPU.ActiveCfg = Debug|Any CPU
		{E1D3E1F4-6B49-4B1C-8607-C23625258F1A}.Debug|Any CPU.Build.0 = Debug|Any CPU
		{E1D3E1F4-6B49-4B1C-8607-C23625258F1A}.Release|Any CPU.ActiveCfg = Release|Any CPU
		{E1D3E1F4-6B49-4B1C-8607-C23625258F1A}.Release|Any CPU.Build.0 = Release|Any CPU
		{805B0FC3-D00B-4A08-82D5-BC14A3B369F3}.Debug|Any CPU.ActiveCfg = Debug|Any CPU
		{805B0FC3-D00B-4A08-82D5-BC14A3B369F3}.Debug|Any CPU.Build.0 = Debug|Any CPU
		{805B0FC3-D00B-4A08-82D5-BC14A3B369F3}.Release|Any CPU.ActiveCfg = Release|Any CPU
		{805B0FC3-D00B-4A08-82D5-BC14A3B369F3}.Release|Any CPU.Build.0 = Release|Any CPU
		{FF9478C5-57A2-4CB0-948A-6A5C47B2BD95}.Debug|Any CPU.ActiveCfg = Debug|Any CPU
		{FF9478C5-57A2-4CB0-948A-6A5C47B2BD95}.Debug|Any CPU.Build.0 = Debug|Any CPU
		{FF9478C5-57A2-4CB0-948A-6A5C47B2BD95}.Release|Any CPU.ActiveCfg = Release|Any CPU
		{FF9478C5-57A2-4CB0-948A-6A5C47B2BD95}.Release|Any CPU.Build.0 = Release|Any CPU
	EndGlobalSection
	GlobalSection(NestedProjects) = preSolution
		{ADCEE902-52AF-4E52-9CEA-77450049AA7C} = {BBB56B6A-667F-43C0-8AFE-79530301D381}
		{01EED3EB-7E8D-4770-93DD-84669ED75D1D} = {ADCEE902-52AF-4E52-9CEA-77450049AA7C}
		{D24565DE-D3B8-42F6-AF8B-B9E4FD3B3A41} = {ADCEE902-52AF-4E52-9CEA-77450049AA7C}
		{2245AA58-D144-492A-A477-5B9A24B337A0} = {D24565DE-D3B8-42F6-AF8B-B9E4FD3B3A41}
		{F9FA4AC6-6E34-4D32-8C9D-573B2321BDE7} = {ADCEE902-52AF-4E52-9CEA-77450049AA7C}
		{1AD779EA-2592-48D0-95BB-6E68FDB5276F} = {27BF9028-A9AC-4B9E-9A63-5260B70734D0}
		{C47EDCC3-FF07-4B1E-BDC4-06544C6264F5} = {27BF9028-A9AC-4B9E-9A63-5260B70734D0}
		{2243861D-99F1-427E-80A6-DDED312872D7} = {27BF9028-A9AC-4B9E-9A63-5260B70734D0}
		{28FE8A5E-60D5-43A9-8550-AF7A077B1B35} = {27BF9028-A9AC-4B9E-9A63-5260B70734D0}
		{E1D3E1F4-6B49-4B1C-8607-C23625258F1A} = {0904800C-111F-4CBB-9D99-29C641115EE7}
		{805B0FC3-D00B-4A08-82D5-BC14A3B369F3} = {DDB96C73-B54A-47E2-97E2-F10DE2BD89E6}
		{FF9478C5-57A2-4CB0-948A-6A5C47B2BD95} = {DDB96C73-B54A-47E2-97E2-F10DE2BD89E6}
	EndGlobalSection
EndGlobal
