
Microsoft Visual Studio Solution File, Format Version 12.00
# Visual Studio Version 17
VisualStudioVersion = 17.0.31903.59
MinimumVisualStudioVersion = 10.0.40219.1
Project("{2150E333-8FDC-42A3-9474-1A3956D46DE8}") = "playground", "playground", "{27B3BB48-489D-47BD-9A00-1114D47E619A}"
EndProject
Project("{FAE04EC0-301F-11D3-BF4B-00C04F79EFBC}") = "Backi.Timers.WebApiPlayground", "playground\webapi\Backi.Timers.WebApiPlayground.csproj", "{3B4DF97E-3B80-4920-9183-A47B86A271AE}"
EndProject
Project("{FAE04EC0-301F-11D3-BF4B-00C04F79EFBC}") = "Backi.Timers", "lib\Backi.Timers.csproj", "{1A2CC592-C93D-4652-B8C6-0C2D9EB261A6}"
EndProject
Global
	GlobalSection(SolutionConfigurationPlatforms) = preSolution
		Debug|Any CPU = Debug|Any CPU
		Release|Any CPU = Release|Any CPU
	EndGlobalSection
	GlobalSection(SolutionProperties) = preSolution
		HideSolutionNode = FALSE
	EndGlobalSection
	GlobalSection(ProjectConfigurationPlatforms) = postSolution
		{3B4DF97E-3B80-4920-9183-A47B86A271AE}.Debug|Any CPU.ActiveCfg = Debug|Any CPU
		{3B4DF97E-3B80-4920-9183-A47B86A271AE}.Debug|Any CPU.Build.0 = Debug|Any CPU
		{3B4DF97E-3B80-4920-9183-A47B86A271AE}.Release|Any CPU.ActiveCfg = Release|Any CPU
		{3B4DF97E-3B80-4920-9183-A47B86A271AE}.Release|Any CPU.Build.0 = Release|Any CPU
		{1A2CC592-C93D-4652-B8C6-0C2D9EB261A6}.Debug|Any CPU.ActiveCfg = Debug|Any CPU
		{1A2CC592-C93D-4652-B8C6-0C2D9EB261A6}.Debug|Any CPU.Build.0 = Debug|Any CPU
		{1A2CC592-C93D-4652-B8C6-0C2D9EB261A6}.Release|Any CPU.ActiveCfg = Release|Any CPU
		{1A2CC592-C93D-4652-B8C6-0C2D9EB261A6}.Release|Any CPU.Build.0 = Release|Any CPU
	EndGlobalSection
	GlobalSection(NestedProjects) = preSolution
		{3B4DF97E-3B80-4920-9183-A47B86A271AE} = {27B3BB48-489D-47BD-9A00-1114D47E619A}
	EndGlobalSection
EndGlobal
